# THIS IS AN AUTOGENERATED FILE. DO NOT EDIT THIS FILE DIRECTLY.
# yarn lockfile v1


"@types/lodash@4.14.168":
  version "4.14.168"
  resolved "https://registry.yarnpkg.com/@types/lodash/-/lodash-4.14.168.tgz#fe24632e79b7ade3f132891afff86caa5e5ce008"
  integrity sha512-oVfRvqHV/V6D1yifJbVRU3TMp8OT6o6BG+U9MkwuJ3U8/CsDHvalRpsxBqivn71ztOFZBTfJMvETbqHiaNSj7Q==

"@types/node@22.18.11":
  version "22.18.11"
  resolved "https://registry.yarnpkg.com/@types/node/-/node-22.18.11.tgz#aa8a8ccae8cc828512df642f0d82606b89450d71"
  integrity sha512-Gd33J2XIrXurb+eT2ktze3rJAfAp9ZNjlBdh4SVgyrKEOADwCbdUDaK7QgJno8Ue4kcajscsKqu6n8OBG3hhCQ==
  dependencies:
    undici-types "~6.21.0"

undici-types@~6.21.0:
  version "6.21.0"
  resolved "https://registry.yarnpkg.com/undici-types/-/undici-types-6.21.0.tgz#691d00af3909be93a7faa13be61b3a5b50ef12cb"
  integrity sha512-iwDZqg0QAGrg9Rav5H4n0M64c3mkR59cJ6wQp+7C4nI0gsmExaedaYLNO44eT4AtBBwjbTiGPMlt2Md0T9H9JQ==
