# THIS IS AN AUTOGENERATED FILE. DO NOT EDIT THIS FILE DIRECTLY.
# yarn lockfile v1


"@types/lodash@4.17.11":
  version "4.17.11"
  resolved "https://registry.yarnpkg.com/@types/lodash/-/lodash-4.17.11.tgz#8d01705ee14865015a0520e80b7ce95f3c2f7060"
  integrity sha512-jzqWo/uQP/iqeGGTjhgFp2yaCrCYTauASQcpdzESNCkHjSprBJVcZP9KG9aQ0q+xcsXiKd/iuw/4dLjS3Odc7Q==

"@types/node@14.14.44":
  version "14.14.44"
  resolved "https://registry.yarnpkg.com/@types/node/-/node-14.14.44.tgz#df7503e6002847b834371c004b372529f3f85215"
  integrity sha512-+gaugz6Oce6ZInfI/tK4Pq5wIIkJMEJUu92RB3Eu93mtj4wjjjz9EB5mLp5s1pSsLXdC/CPut/xF20ZzAQJbTA==
